github.com/airbnb/lottie-web v5.12.2+incompatible h1:Ldogtlhiucf7mMsgisyxSBY0qunV44+lpa9Icy2KoQc=
github.com/airbnb/lottie-web v5.12.2+incompatible/go.mod h1:nTss557UK9FGnp8QYlCMO29tjUHwbdAHG/DprbGfHGE=
github.com/airbnb/lottie-web v5.13.0+incompatible h1:plBV5Uq/F1kK0EC61Hr0cBGReI9OgUfd/pp0baoDX8o=
github.com/airbnb/lottie-web v5.13.0+incompatible/go.mod h1:nTss557UK9FGnp8QYlCMO29tjUHwbdAHG/DprbGfHGE=
github.com/anoduck/mod-alwaysdark v0.1.6 h1:lZ3Xc2cFylUkiErNsao7gIvFJflewtlQu1/YcIQjBK0=
github.com/anoduck/mod-alwaysdark v0.1.6/go.mod h1:UUwLAjSufnom5v2L8PBdTWfahQ8Ej9c3WEQ82ST5vfU=
github.com/anoduck/mod-countup v0.1.5 h1:+sBcbEa0YDw8kcxwOUvAJWDL1VJfQ3IDdXvg1J3oQrg=
github.com/anoduck/mod-countup v0.1.5/go.mod h1:j4DhQAAE6qmED5KD3o43cCHYD0Q7AVMMUUZDSkS2a8Y=
github.com/anoduck/mod-juxtapose v0.1.0 h1:v0tV9fRCkt52iasQpZ6jZ3HbbgsXpELsEbC8QCaDr9A=
github.com/anoduck/mod-juxtapose v0.1.0/go.mod h1:lT+sgRgAKJ0uT/vYkaKuV1/W7SBcdfYNP3qrUdHux2M=
github.com/anoduck/mod-timelinejs v0.1.5 h1:UqMYXq3TzyVcqrbiA8rrpEFSkbuZFFe2euTKlG8OwkY=
github.com/anoduck/mod-timelinejs v0.1.5/go.mod h1:QMcdvDa4N8ddsoaPHVkdJiW/9ZiUkefybSSKTYFzI+0=
github.com/anoduck/mod-yagallery v0.1.9 h1:sXKkSs7JGQOmNrymbeU49ienhV8x/u76STMDapnHQpc=
github.com/anoduck/mod-yagallery v0.1.9/go.mod h1:MsKtwvomsiDeBGNegZWbGoSfXUWeADzVLUKEkvZTdVQ=
github.com/cloudcannon/bookshop/hugo/v3 v3.16.3 h1:/Z66xKILl1SNGQePHZCnxo6vFgED7AGI600OSPotXj4=
github.com/cloudcannon/bookshop/hugo/v3 v3.16.3/go.mod h1:s7mIonDhtsLcn10ZKuVXyqd6BDHI8vT1WQhZw8rPfY8=
github.com/cloudcannon/bookshop/hugo/v3 v3.16.5 h1:RmqeSUQMPyi31YC6SaFNE2ubfFy13qVj5/lo+MCT+u8=
github.com/cloudcannon/bookshop/hugo/v3 v3.16.5/go.mod h1:s7mIonDhtsLcn10ZKuVXyqd6BDHI8vT1WQhZw8rPfY8=
github.com/gethinode/hinode v0.29.4 h1:95GN3d27lUwNVWVxTsnsK9GVLA3WhebxDUQxTAcpA5g=
github.com/gethinode/hinode v0.29.4/go.mod h1:wh0Tu9qzrKyyDWlCA1vlxvJvXAubhI+mK8O4kUXLf84=
github.com/gethinode/hinode v1.9.0 h1:T9xvlLVYzDnUBgVS2KrANLtoPibAD7Ek2BMo96EuKeU=
github.com/gethinode/hinode v1.9.0/go.mod h1:UN9DB9WbfTW2f4JhPJi4p75BQZYAxaRTONzBF8C4f9Y=
github.com/gethinode/hinode v1.9.1 h1:6e4+nQx6IR5N4usHRpeXr7rDiT53m7ycu7/r/zY9nhM=
github.com/gethinode/hinode v1.9.1/go.mod h1:UN9DB9WbfTW2f4JhPJi4p75BQZYAxaRTONzBF8C4f9Y=
github.com/gethinode/hinode v1.19.3 h1:lMOhTqJR8P0OsOvA+shZN+Aj564oBpDdtBili1yLgjM=
github.com/gethinode/hinode v1.19.3/go.mod h1:tQL2XkBuX5Z0bt4onWjd7LIs/iV9VDdD1lO4mje3Sw0=
github.com/gethinode/mod-bootstrap v1.3.3 h1:k7RrZM3zstWA5xg55yLedb4T7WRBXvn77gv7OwBQ0d4=
github.com/gethinode/mod-bootstrap v1.3.3/go.mod h1:MkvQgiA3N2NFiW57TTU60Rn4N6oZjvlBIVgrJE9M0WI=
github.com/gethinode/mod-bootstrap v1.3.4 h1:rBfyUmdslxL+RX76/5hyJYPacfrt6OYrciNgk/T0NWk=
github.com/gethinode/mod-bootstrap v1.3.4/go.mod h1:MkvQgiA3N2NFiW57TTU60Rn4N6oZjvlBIVgrJE9M0WI=
github.com/gethinode/mod-csp v1.0.7 h1:V4D8vYA/jJ2Nv9kPz5gt96fkVd3NtT7sBqVhnG5TvAU=
github.com/gethinode/mod-csp v1.0.7/go.mod h1:Nb22QMicoUHgZQUKP5TCgVrSI8K3KU7jLuLBShmotjg=
github.com/gethinode/mod-csp v1.0.8 h1:36bWS7oW5KoPp0ywJXKmfMdM33c/7EPBLjzut0njTgE=
github.com/gethinode/mod-csp v1.0.8/go.mod h1:Nb22QMicoUHgZQUKP5TCgVrSI8K3KU7jLuLBShmotjg=
github.com/gethinode/mod-flexsearch/v2 v2.1.1 h1:Vcr0aAkqPdavK183L8nr0dF7ngfY9EUDG4ZpmEK815M=
github.com/gethinode/mod-flexsearch/v2 v2.1.1/go.mod h1:0IJGZQRv9X+th/gFmFRusEUSv0oJSr3aw5t1w3lfvYg=
github.com/gethinode/mod-flexsearch/v2 v2.1.3 h1:m5I9B7cA1SU99f90yO4OpOcKNPZ5zMF18pEhusLxa80=
github.com/gethinode/mod-flexsearch/v2 v2.1.3/go.mod h1:0IJGZQRv9X+th/gFmFRusEUSv0oJSr3aw5t1w3lfvYg=
github.com/gethinode/mod-flexsearch/v3 v3.0.2 h1:CZu0QI2KvqsvQbfbX3GfBjjpXR5rqTpOsMTxg1vd67Y=
github.com/gethinode/mod-flexsearch/v3 v3.0.2/go.mod h1:iYvaBF6Y62pjnCepYAqLxoX1ZdEBoD+9caj4cBC+MxY=
github.com/gethinode/mod-fontawesome v1.10.1 h1:gXQ75VXI+a0W2ALkAFHd/QFQ/VoZR6eujX0Hm7DkG94=
github.com/gethinode/mod-fontawesome v1.10.1/go.mod h1:xBKsZH3WJtMOItZVlp9SbO51uaBy6IbvUZSKpNu3b6Y=
github.com/gethinode/mod-fontawesome/v2 v2.1.2 h1:v1aHhbLLwe/05zRHnx9qGqh6b3toDzcLzuv61rWAoGU=
github.com/gethinode/mod-fontawesome/v2 v2.1.2/go.mod h1:zukv88wXqquEvTJJ9mWWk8Ia+9INnA41wYqusf2RcHA=
github.com/gethinode/mod-fontawesome/v2 v2.1.3 h1:G2LyPQVhrXxBSJ/q+mBMXpNClobkQPd3Rw1vzIyvAdk=
github.com/gethinode/mod-fontawesome/v2 v2.1.3/go.mod h1:zukv88wXqquEvTJJ9mWWk8Ia+9INnA41wYqusf2RcHA=
github.com/gethinode/mod-google-analytics v1.3.3 h1:iX2FtXajykfHWJf7MXCQmpezqXgQUADNTeglU81QKpw=
github.com/gethinode/mod-google-analytics v1.3.3/go.mod h1:dl628cFozpCvoIMCiV7ujzQipjxcm3eatXrSfLPWNII=
github.com/gethinode/mod-katex v1.1.4 h1:HWc45uHKX2JhI624UnA46LCZkLGhSbaq+zAHt9e57zw=
github.com/gethinode/mod-katex v1.1.4/go.mod h1:byAfpI3wuqNJIooTGVEGc1cjBhhCy4+CcK1H6495MYg=
github.com/gethinode/mod-leaflet v1.3.1 h1:nG6lQ7LZ2E/TGok/VGo5FCX+OVoHvxrYszi2FvQimRg=
github.com/gethinode/mod-leaflet v1.3.1/go.mod h1:F/XR1lYKENw91u+IC4NXQT6dbCyJlSJUPClMVpBK8Tw=
github.com/gethinode/mod-lottie v1.6.1 h1:0wkQ7yMiwFvkhzsBoO/RhfKJ7ru2EzoQfYrwnC6qoxg=
github.com/gethinode/mod-lottie v1.6.1/go.mod h1:Buaa3A4fBIE4mkyQhnjMlassQQ5j8gRxQ4QnN7I1oGc=
github.com/gethinode/mod-mermaid/v3 v3.0.1 h1:h4v3QvGpSln9PDbWccSktULq9FbRZ57JN4Lp+gVjvVI=
github.com/gethinode/mod-mermaid/v3 v3.0.1/go.mod h1:rbI8IKFfKVGqTY/eJnuNJwzB5kSjaEUNX0NRHc4rBfA=
github.com/gethinode/mod-simple-datatables v1.1.7 h1:wCY2bWFUxRHWbWzb/zefCACooCSbDPYKrZthfn+qAgM=
github.com/gethinode/mod-simple-datatables v1.1.7/go.mod h1:FjkIEuxqeLLEqqDcz/nHAGHsRfV7EJP5Uhk4kYD8okY=
github.com/gethinode/mod-simple-datatables/v2 v2.0.2 h1:6HkJkHg754HG2P5FTXiRePEnx/p65yfuqizB+gixV6k=
github.com/gethinode/mod-simple-datatables/v2 v2.0.2/go.mod h1:bmXZJeTQ+GZJ83vasFBTS3JSm09Oa/jDX9T187stdnA=
github.com/gethinode/mod-utils/v2 v2.10.0 h1:2GN6f3wcu/TlbzPD6DFlWyx+KomXz6LnBv7mfPIXB6o=
github.com/gethinode/mod-utils/v2 v2.10.0/go.mod h1:GTYeknoLujNjfDxI+V9Dcug26CYJSTJ0B/U2dagw9oY=
github.com/gethinode/mod-utils/v4 v4.13.0 h1:VKAA+wKy4saayXfgJuVBRfhNVWQWmxOjO8LSpQCvLfw=
github.com/gethinode/mod-utils/v4 v4.13.0/go.mod h1:bYmvRdAo4ICy5MpSGafDvO4p5bTDpsDKFCPL3bH0mN4=
github.com/gethinode/mod-utils/v4 v4.18.0 h1:CLxuPCbsQBGVgAM1x5nmh6V0HJoOcltIfKG9sthpsTk=
github.com/gethinode/mod-utils/v4 v4.18.0/go.mod h1:bYmvRdAo4ICy5MpSGafDvO4p5bTDpsDKFCPL3bH0mN4=
github.com/nextapps-de/flexsearch v0.0.0-20250523180618-1f75f5f9d9b6 h1:vUlZHDX+6HzN/GpHAqbvpVu4NWdhKz7ihK0XGHGD3ec=
github.com/nextapps-de/flexsearch v0.0.0-20250523180618-1f75f5f9d9b6/go.mod h1:5GdMfPAXzbA2gXBqTjC6l27kioSYzHlqDMh0+wyx7sU=
github.com/nextapps-de/flexsearch v0.0.0-20250606060143-c28f52c09b7a h1:CF/f62ufhBzNvAgoC6JhuqQxtqz0yDj3IIXYKl+A650=
github.com/nextapps-de/flexsearch v0.0.0-20250606060143-c28f52c09b7a/go.mod h1:5GdMfPAXzbA2gXBqTjC6l27kioSYzHlqDMh0+wyx7sU=
github.com/nextapps-de/flexsearch v0.0.0-20250907103239-defb38b083f0 h1:55phPhe6fDjfjG0jX4+br3nLORKgjgx8abZUdI0YJRA=
github.com/nextapps-de/flexsearch v0.0.0-20250907103239-defb38b083f0/go.mod h1:5GdMfPAXzbA2gXBqTjC6l27kioSYzHlqDMh0+wyx7sU=
github.com/twbs/bootstrap v5.3.6+incompatible h1:efmXVyq839m5QQ0+JBUdQQ1TrmoBqvQ5kRhUueKsH+4=
github.com/twbs/bootstrap v5.3.6+incompatible/go.mod h1:fZTSrkpSf0/HkL0IIJzvVspTt1r9zuf7XlZau8kpcY0=
github.com/twbs/bootstrap v5.3.7+incompatible h1:ea1W8TOWZFkqSK2M0McpgzLiUQVru3bz8aHb0j/XtuM=
github.com/twbs/bootstrap v5.3.7+incompatible/go.mod h1:fZTSrkpSf0/HkL0IIJzvVspTt1r9zuf7XlZau8kpcY0=
github.com/twbs/bootstrap v5.3.8+incompatible h1:eK1fsXP7R/FWFt+sSNmmvUH9usPocf240nWVw7Dh02o=
github.com/twbs/bootstrap v5.3.8+incompatible/go.mod h1:fZTSrkpSf0/HkL0IIJzvVspTt1r9zuf7XlZau8kpcY0=
