github.com/anoduck/mod-alwaysdark v0.1.6 h1:lZ3Xc2cFylUkiErNsao7gIvFJflewtlQu1/YcIQjBK0=
github.com/anoduck/mod-alwaysdark v0.1.6/go.mod h1:UUwLAjSufnom5v2L8PBdTWfahQ8Ej9c3WEQ82ST5vfU=
github.com/anoduck/mod-countup v0.1.5 h1:+sBcbEa0YDw8kcxwOUvAJWDL1VJfQ3IDdXvg1J3oQrg=
github.com/anoduck/mod-countup v0.1.5/go.mod h1:j4DhQAAE6qmED5KD3o43cCHYD0Q7AVMMUUZDSkS2a8Y=
github.com/anoduck/mod-juxtapose v0.1.0 h1:v0tV9fRCkt52iasQpZ6jZ3HbbgsXpELsEbC8QCaDr9A=
github.com/anoduck/mod-juxtapose v0.1.0/go.mod h1:lT+sgRgAKJ0uT/vYkaKuV1/W7SBcdfYNP3qrUdHux2M=
github.com/anoduck/mod-timelinejs v0.1.5 h1:UqMYXq3TzyVcqrbiA8rrpEFSkbuZFFe2euTKlG8OwkY=
github.com/anoduck/mod-timelinejs v0.1.5/go.mod h1:QMcdvDa4N8ddsoaPHVkdJiW/9ZiUkefybSSKTYFzI+0=
github.com/anoduck/mod-yagallery v0.1.9 h1:sXKkSs7JGQOmNrymbeU49ienhV8x/u76STMDapnHQpc=
github.com/anoduck/mod-yagallery v0.1.9/go.mod h1:MsKtwvomsiDeBGNegZWbGoSfXUWeADzVLUKEkvZTdVQ=
github.com/gethinode/hinode v0.29.4 h1:95GN3d27lUwNVWVxTsnsK9GVLA3WhebxDUQxTAcpA5g=
github.com/gethinode/hinode v0.29.4/go.mod h1:wh0Tu9qzrKyyDWlCA1vlxvJvXAubhI+mK8O4kUXLf84=
github.com/gethinode/mod-bootstrap v1.3.3 h1:k7RrZM3zstWA5xg55yLedb4T7WRBXvn77gv7OwBQ0d4=
github.com/gethinode/mod-bootstrap v1.3.3/go.mod h1:MkvQgiA3N2NFiW57TTU60Rn4N6oZjvlBIVgrJE9M0WI=
github.com/gethinode/mod-csp v1.0.7 h1:V4D8vYA/jJ2Nv9kPz5gt96fkVd3NtT7sBqVhnG5TvAU=
github.com/gethinode/mod-csp v1.0.7/go.mod h1:Nb22QMicoUHgZQUKP5TCgVrSI8K3KU7jLuLBShmotjg=
github.com/gethinode/mod-flexsearch/v2 v2.1.1 h1:Vcr0aAkqPdavK183L8nr0dF7ngfY9EUDG4ZpmEK815M=
github.com/gethinode/mod-flexsearch/v2 v2.1.1/go.mod h1:0IJGZQRv9X+th/gFmFRusEUSv0oJSr3aw5t1w3lfvYg=
github.com/gethinode/mod-fontawesome/v2 v2.0.0 h1:vIcVq4sa68iqYBEei+XBZgWKvT79NXuh+jMS6yVpCV8=
github.com/gethinode/mod-fontawesome/v2 v2.0.0/go.mod h1:MJghtpjpnbGVzRN+1rH5Fs9Y+eQAawAotGnlemEPb60=
github.com/nextapps-de/flexsearch v0.0.0-20250523180618-1f75f5f9d9b6 h1:vUlZHDX+6HzN/GpHAqbvpVu4NWdhKz7ihK0XGHGD3ec=
github.com/nextapps-de/flexsearch v0.0.0-20250523180618-1f75f5f9d9b6/go.mod h1:5GdMfPAXzbA2gXBqTjC6l27kioSYzHlqDMh0+wyx7sU=
github.com/twbs/bootstrap v5.3.6+incompatible h1:efmXVyq839m5QQ0+JBUdQQ1TrmoBqvQ5kRhUueKsH+4=
github.com/twbs/bootstrap v5.3.6+incompatible/go.mod h1:fZTSrkpSf0/HkL0IIJzvVspTt1r9zuf7XlZau8kpcY0=
